
Microsoft Visual Studio Solution File, Format Version 12.00
# Visual Studio 15
VisualStudioVersion = 15.0.28307.1169
MinimumVisualStudioVersion = 10.0.40219.1
Project("{FAE04EC0-301F-11D3-BF4B-00C04F79EFBC}") = "PrintingHouses", "PrintingHouses\PrintingHouses.csproj", "{95177EAE-E092-438D-9232-C2B60F641BCE}"
EndProject
Global
	GlobalSection(SolutionConfigurationPlatforms) = preSolution
		Debug|Any CPU = Debug|Any CPU
		Release|Any CPU = Release|Any CPU
	EndGlobalSection
	GlobalSection(ProjectConfigurationPlatforms) = postSolution
		{95177EAE-E092-438D-9232-C2B60F641BCE}.Debug|Any CPU.ActiveCfg = Debug|Any CPU
		{95177EAE-E092-438D-9232-C2B60F641BCE}.Debug|Any CPU.Build.0 = Debug|Any CPU
		{95177EAE-E092-438D-9232-C2B60F641BCE}.Release|Any CPU.ActiveCfg = Release|Any CPU
		{95177EAE-E092-438D-9232-C2B60F641BCE}.Release|Any CPU.Build.0 = Release|Any CPU
	EndGlobalSection
	GlobalSection(SolutionProperties) = preSolution
		HideSolutionNode = FALSE
	EndGlobalSection
	GlobalSection(ExtensibilityGlobals) = postSolution
		SolutionGuid = {EA67500D-418D-46C5-AF28-1CBA4E121592}
	EndGlobalSection
EndGlobal
